
Microsoft Visual Studio Solution File, Format Version 12.00
# Visual Studio 15
VisualStudioVersion = 15.0.27428.2037
MinimumVisualStudioVersion = 10.0.40219.1
Project("{FAE04EC0-301F-11D3-BF4B-00C04F79EFBC}") = "Strathweb.ScriptConfiguration", "src\Strathweb.ScriptConfiguration\Strathweb.ScriptConfiguration.csproj", "{DAE5560F-67F1-453A-89EE-712A954C3B6B}"
EndProject
Project("{2150E333-8FDC-42A3-9474-1A3956D46DE8}") = "samples", "samples", "{392E98CF-A8D5-4E2E-AE79-868AB23EBB95}"
EndProject
Project("{FAE04EC0-301F-11D3-BF4B-00C04F79EFBC}") = "SampleWebApp", "src\SampleWebApp\SampleWebApp.csproj", "{4079B6C9-AC1A-4FD4-805B-5204AEBA7DC0}"
EndProject
Global
	GlobalSection(SolutionConfigurationPlatforms) = preSolution
		Debug|Any CPU = Debug|Any CPU
		Release|Any CPU = Release|Any CPU
	EndGlobalSection
	GlobalSection(ProjectConfigurationPlatforms) = postSolution
		{DAE5560F-67F1-453A-89EE-712A954C3B6B}.Debug|Any CPU.ActiveCfg = Debug|Any CPU
		{DAE5560F-67F1-453A-89EE-712A954C3B6B}.Debug|Any CPU.Build.0 = Debug|Any CPU
		{DAE5560F-67F1-453A-89EE-712A954C3B6B}.Release|Any CPU.ActiveCfg = Release|Any CPU
		{DAE5560F-67F1-453A-89EE-712A954C3B6B}.Release|Any CPU.Build.0 = Release|Any CPU
		{4079B6C9-AC1A-4FD4-805B-5204AEBA7DC0}.Debug|Any CPU.ActiveCfg = Debug|Any CPU
		{4079B6C9-AC1A-4FD4-805B-5204AEBA7DC0}.Debug|Any CPU.Build.0 = Debug|Any CPU
		{4079B6C9-AC1A-4FD4-805B-5204AEBA7DC0}.Release|Any CPU.ActiveCfg = Release|Any CPU
		{4079B6C9-AC1A-4FD4-805B-5204AEBA7DC0}.Release|Any CPU.Build.0 = Release|Any CPU
	EndGlobalSection
	GlobalSection(SolutionProperties) = preSolution
		HideSolutionNode = FALSE
	EndGlobalSection
	GlobalSection(NestedProjects) = preSolution
		{4079B6C9-AC1A-4FD4-805B-5204AEBA7DC0} = {392E98CF-A8D5-4E2E-AE79-868AB23EBB95}
	EndGlobalSection
	GlobalSection(ExtensibilityGlobals) = postSolution
		SolutionGuid = {9D275817-1E41-4821-A42C-B89768B884E6}
	EndGlobalSection
EndGlobal
